// !$*UTF8*$!
{
	archiveVersion = 1;
	classes = {
	};
	objectVersion = 46;
	objects = {

/* Begin PBXBuildFile section */
		55DB2E421A0C358700DF03B3 /* AppDelegate.swift in Sources */ = {isa = PBXBuildFile; fileRef = 55DB2E411A0C358700DF03B3 /* AppDelegate.swift */; };
		55DB2E441A0C358700DF03B3 /* ViewController.swift in Sources */ = {isa = PBXBuildFile; fileRef = 55DB2E431A0C358700DF03B3 /* ViewController.swift */; };
		55DB2E471A0C358700DF03B3 /* Main.storyboard in Resources */ = {isa = PBXBuildFile; fileRef = 55DB2E451A0C358700DF03B3 /* Main.storyboard */; };
		55DB2E491A0C358700DF03B3 /* Images.xcassets in Resources */ = {isa = PBXBuildFile; fileRef = 55DB2E481A0C358700DF03B3 /* Images.xcassets */; };
		55DB2E4C1A0C358700DF03B3 /* LaunchScreen.xib in Resources */ = {isa = PBXBuildFile; fileRef = 55DB2E4A1A0C358700DF03B3 /* LaunchScreen.xib */; };
		55DB2E581A0C358700DF03B3 /* NextTests.swift in Sources */ = {isa = PBXBuildFile; fileRef = 55DB2E571A0C358700DF03B3 /* NextTests.swift */; };
/* End PBXBuildFile section */

/* Begin PBXContainerItemProxy section */
		55DB2E521A0C358700DF03B3 /* PBXContainerItemProxy */ = {
			isa = PBXContainerItemProxy;
			containerPortal = 55DB2E341A0C358700DF03B3 /* Project object */;
			proxyType = 1;
			remoteGlobalIDString = 55DB2E3B1A0C358700DF03B3;
			remoteInfo = Next;
		};
/* End PBXContainerItemProxy section */

/* Begin PBXFileReference section */
		55DB2E3C1A0C358700DF03B3 /* Next.app */ = {isa = PBXFileReference; explicitFileType = wrapper.application; includeInIndex = 0; path = Next.app; sourceTree = BUILT_PRODUCTS_DIR; };
		55DB2E401A0C358700DF03B3 /* Info.plist */ = {isa = PBXFileReference; lastKnownFileType = text.plist.xml; path = Info.plist; sourceTree = "<group>"; };
		55DB2E411A0C358700DF03B3 /* AppDelegate.swift */ = {isa = PBXFileReference; lastKnownFileType = sourcecode.swift; path = AppDelegate.swift; sourceTree = "<group>"; };
		55DB2E431A0C358700DF03B3 /* ViewController.swift */ = {isa = PBXFileReference; lastKnownFileType = sourcecode.swift; path = ViewController.swift; sourceTree = "<group>"; };
		55DB2E461A0C358700DF03B3 /* Base */ = {isa = PBXFileReference; lastKnownFileType = file.storyboard; name = Base; path = Base.lproj/Main.storyboard; sourceTree = "<group>"; };
		55DB2E481A0C358700DF03B3 /* Images.xcassets */ = {isa = PBXFileReference; lastKnownFileType = folder.assetcatalog; path = Images.xcassets; sourceTree = "<group>"; };
		55DB2E4B1A0C358700DF03B3 /* Base */ = {isa = PBXFileReference; lastKnownFileType = file.xib; name = Base; path = Base.lproj/LaunchScreen.xib; sourceTree = "<group>"; };
		55DB2E511A0C358700DF03B3 /* NextTests.xctest */ = {isa = PBXFileReference; explicitFileType = wrapper.cfbundle; includeInIndex = 0; path = NextTests.xctest; sourceTree = BUILT_PRODUCTS_DIR; };
		55DB2E561A0C358700DF03B3 /* Info.plist */ = {isa = PBXFileReference; lastKnownFileType = text.plist.xml; path = Info.plist; sourceTree = "<group>"; };
		55DB2E571A0C358700DF03B3 /* NextTests.swift */ = {isa = PBXFileReference; lastKnownFileType = sourcecode.swift; path = NextTests.swift; sourceTree = "<group>"; };
/* End PBXFileReference section */

/* Begin PBXFrameworksBuildPhase section */
		55DB2E391A0C358700DF03B3 /* Frameworks */ = {
			isa = PBXFrameworksBuildPhase;
			buildActionMask = 2147483647;
			files = (
			);
			runOnlyForDeploymentPostprocessing = 0;
		};
		55DB2E4E1A0C358700DF03B3 /* Frameworks */ = {
			isa = PBXFrameworksBuildPhase;
			buildActionMask = 2147483647;
			files = (
			);
			runOnlyForDeploymentPostprocessing = 0;
		};
/* End PBXFrameworksBuildPhase section */

/* Begin PBXGroup section */
		55DB2E331A0C358700DF03B3 = {
			isa = PBXGroup;
			children = (
				55DB2E3E1A0C358700DF03B3 /* Next */,
				55DB2E541A0C358700DF03B3 /* NextTests */,
				55DB2E3D1A0C358700DF03B3 /* Products */,
			);
			sourceTree = "<group>";
		};
		55DB2E3D1A0C358700DF03B3 /* Products */ = {
			isa = PBXGroup;
			children = (
				55DB2E3C1A0C358700DF03B3 /* Next.app */,
				55DB2E511A0C358700DF03B3 /* NextTests.xctest */,
			);
			name = Products;
			sourceTree = "<group>";
		};
		55DB2E3E1A0C358700DF03B3 /* Next */ = {
			isa = PBXGroup;
			children = (
				55DB2E411A0C358700DF03B3 /* AppDelegate.swift */,
				55DB2E431A0C358700DF03B3 /* ViewController.swift */,
				55DB2E451A0C358700DF03B3 /* Main.storyboard */,
				55DB2E481A0C358700DF03B3 /* Images.xcassets */,
				55DB2E4A1A0C358700DF03B3 /* LaunchScreen.xib */,
				55DB2E3F1A0C358700DF03B3 /* Supporting Files */,
			);
			path = Next;
			sourceTree = "<group>";
		};
		55DB2E3F1A0C358700DF03B3 /* Supporting Files */ = {
			isa = PBXGroup;
			children = (
				55DB2E401A0C358700DF03B3 /* Info.plist */,
			);
			name = "Supporting Files";
			sourceTree = "<group>";
		};
		55DB2E541A0C358700DF03B3 /* NextTests */ = {
			isa = PBXGroup;
			children = (
				55DB2E571A0C358700DF03B3 /* NextTests.swift */,
				55DB2E551A0C358700DF03B3 /* Supporting Files */,
			);
			path = NextTests;
			sourceTree = "<group>";
		};
		55DB2E551A0C358700DF03B3 /* Supporting Files */ = {
			isa = PBXGroup;
			children = (
				55DB2E561A0C358700DF03B3 /* Info.plist */,
			);
			name = "Supporting Files";
			sourceTree = "<group>";
		};
/* End PBXGroup section */

/* Begin PBXNativeTarget section */
		55DB2E3B1A0C358700DF03B3 /* Next */ = {
			isa = PBXNativeTarget;
			buildConfigurationList = 55DB2E5B1A0C358700DF03B3 /* Build configuration list for PBXNativeTarget "Next" */;
			buildPhases = (
				55DB2E381A0C358700DF03B3 /* Sources */,
				55DB2E391A0C358700DF03B3 /* Frameworks */,
				55DB2E3A1A0C358700DF03B3 /* Resources */,
			);
			buildRules = (
			);
			dependencies = (
			);
			name = Next;
			productName = Next;
			productReference = 55DB2E3C1A0C358700DF03B3 /* Next.app */;
			productType = "com.apple.product-type.application";
		};
		55DB2E501A0C358700DF03B3 /* NextTests */ = {
			isa = PBXNativeTarget;
			buildConfigurationList = 55DB2E5E1A0C358700DF03B3 /* Build configuration list for PBXNativeTarget "NextTests" */;
			buildPhases = (
				55DB2E4D1A0C358700DF03B3 /* Sources */,
				55DB2E4E1A0C358700DF03B3 /* Frameworks */,
				55DB2E4F1A0C358700DF03B3 /* Resources */,
			);
			buildRules = (
			);
			dependencies = (
				55DB2E531A0C358700DF03B3 /* PBXTargetDependency */,
			);
			name = NextTests;
			productName = NextTests;
			productReference = 55DB2E511A0C358700DF03B3 /* NextTests.xctest */;
			productType = "com.apple.product-type.bundle.unit-test";
		};
/* End PBXNativeTarget section */

/* Begin PBXProject section */
		55DB2E341A0C358700DF03B3 /* Project object */ = {
			isa = PBXProject;
			attributes = {
				LastUpgradeCheck = 0610;
				ORGANIZATIONNAME = "段然";
				TargetAttributes = {
					55DB2E3B1A0C358700DF03B3 = {
						CreatedOnToolsVersion = 6.1;
					};
					55DB2E501A0C358700DF03B3 = {
						CreatedOnToolsVersion = 6.1;
						TestTargetID = 55DB2E3B1A0C358700DF03B3;
					};
				};
			};
			buildConfigurationList = 55DB2E371A0C358700DF03B3 /* Build configuration list for PBXProject "Next" */;
			compatibilityVersion = "Xcode 3.2";
			developmentRegion = English;
			hasScannedForEncodings = 0;
			knownRegions = (
				en,
				Base,
			);
			mainGroup = 55DB2E331A0C358700DF03B3;
			productRefGroup = 55DB2E3D1A0C358700DF03B3 /* Products */;
			projectDirPath = "";
			projectRoot = "";
			targets = (
				55DB2E3B1A0C358700DF03B3 /* Next */,
				55DB2E501A0C358700DF03B3 /* NextTests */,
			);
		};
/* End PBXProject section */

/* Begin PBXResourcesBuildPhase section */
		55DB2E3A1A0C358700DF03B3 /* Resources */ = {
			isa = PBXResourcesBuildPhase;
			buildActionMask = 2147483647;
			files = (
				55DB2E471A0C358700DF03B3 /* Main.storyboard in Resources */,
				55DB2E4C1A0C358700DF03B3 /* LaunchScreen.xib in Resources */,
				55DB2E491A0C358700DF03B3 /* Images.xcassets in Resources */,
			);
			runOnlyForDeploymentPostprocessing = 0;
		};
		55DB2E4F1A0C358700DF03B3 /* Resources */ = {
			isa = PBXResourcesBuildPhase;
			buildActionMask = 2147483647;
			files = (
			);
			runOnlyForDeploymentPostprocessing = 0;
		};
/* End PBXResourcesBuildPhase section */

/* Begin PBXSourcesBuildPhase section */
		55DB2E381A0C358700DF03B3 /* Sources */ = {
			isa = PBXSourcesBuildPhase;
			buildActionMask = 2147483647;
			files = (
				55DB2E441A0C358700DF03B3 /* ViewController.swift in Sources */,
				55DB2E421A0C358700DF03B3 /* AppDelegate.swift in Sources */,
			);
			runOnlyForDeploymentPostprocessing = 0;
		};
		55DB2E4D1A0C358700DF03B3 /* Sources */ = {
			isa = PBXSourcesBuildPhase;
			buildActionMask = 2147483647;
			files = (
				55DB2E581A0C358700DF03B3 /* NextTests.swift in Sources */,
			);
			runOnlyForDeploymentPostprocessing = 0;
		};
/* End PBXSourcesBuildPhase section */

/* Begin PBXTargetDependency section */
		55DB2E531A0C358700DF03B3 /* PBXTargetDependency */ = {
			isa = PBXTargetDependency;
			target = 55DB2E3B1A0C358700DF03B3 /* Next */;
			targetProxy = 55DB2E521A0C358700DF03B3 /* PBXContainerItemProxy */;
		};
/* End PBXTargetDependency section */

/* Begin PBXVariantGroup section */
		55DB2E451A0C358700DF03B3 /* Main.storyboard */ = {
			isa = PBXVariantGroup;
			children = (
				55DB2E461A0C358700DF03B3 /* Base */,
			);
			name = Main.storyboard;
			sourceTree = "<group>";
		};
		55DB2E4A1A0C358700DF03B3 /* LaunchScreen.xib */ = {
			isa = PBXVariantGroup;
			children = (
				55DB2E4B1A0C358700DF03B3 /* Base */,
			);
			name = LaunchScreen.xib;
			sourceTree = "<group>";
		};
/* End PBXVariantGroup section */

/* Begin XCBuildConfiguration section */
		55DB2E591A0C358700DF03B3 /* Debug */ = {
			isa = XCBuildConfiguration;
			buildSettings = {
				ALWAYS_SEARCH_USER_PATHS = NO;
				CLANG_CXX_LANGUAGE_STANDARD = "gnu++0x";
				CLANG_CXX_LIBRARY = "libc++";
				CLANG_ENABLE_MODULES = YES;
				CLANG_ENABLE_OBJC_ARC = YES;
				CLANG_WARN_BOOL_CONVERSION = YES;
				CLANG_WARN_CONSTANT_CONVERSION = YES;
				CLANG_WARN_DIRECT_OBJC_ISA_USAGE = YES_ERROR;
				CLANG_WARN_EMPTY_BODY = YES;
				CLANG_WARN_ENUM_CONVERSION = YES;
				CLANG_WARN_INT_CONVERSION = YES;
				CLANG_WARN_OBJC_ROOT_CLASS = YES_ERROR;
				CLANG_WARN_UNREACHABLE_CODE = YES;
				CLANG_WARN__DUPLICATE_METHOD_MATCH = YES;
				"CODE_SIGN_IDENTITY[sdk=iphoneos*]" = "iPhone Developer";
				COPY_PHASE_STRIP = NO;
				ENABLE_STRICT_OBJC_MSGSEND = YES;
				GCC_C_LANGUAGE_STANDARD = gnu99;
				GCC_DYNAMIC_NO_PIC = NO;
				GCC_OPTIMIZATION_LEVEL = 0;
				GCC_PREPROCESSOR_DEFINITIONS = (
					"DEBUG=1",
					"$(inherited)",
				);
				GCC_SYMBOLS_PRIVATE_EXTERN = NO;
				GCC_WARN_64_TO_32_BIT_CONVERSION = YES;
				GCC_WARN_ABOUT_RETURN_TYPE = YES_ERROR;
				GCC_WARN_UNDECLARED_SELECTOR = YES;
				GCC_WARN_UNINITIALIZED_AUTOS = YES_AGGRESSIVE;
				GCC_WARN_UNUSED_FUNCTION = YES;
				GCC_WARN_UNUSED_VARIABLE = YES;
				IPHONEOS_DEPLOYMENT_TARGET = 8.1;
				MTL_ENABLE_DEBUG_INFO = YES;
				ONLY_ACTIVE_ARCH = YES;
				SDKROOT = iphoneos;
				SWIFT_OPTIMIZATION_LEVEL = "-Onone";
				TARGETED_DEVICE_FAMILY = "1,2";
			};
			name = Debug;
		};
		55DB2E5A1A0C358700DF03B3 /* Release */ = {
			isa = XCBuildConfiguration;
			buildSettings = {
				ALWAYS_SEARCH_USER_PATHS = NO;
				CLANG_CXX_LANGUAGE_STANDARD = "gnu++0x";
				CLANG_CXX_LIBRARY = "libc++";
				CLANG_ENABLE_MODULES = YES;
				CLANG_ENABLE_OBJC_ARC = YES;
				CLANG_WARN_BOOL_CONVERSION = YES;
				CLANG_WARN_CONSTANT_CONVERSION = YES;
				CLANG_WARN_DIRECT_OBJC_ISA_USAGE = YES_ERROR;
				CLANG_WARN_EMPTY_BODY = YES;
				CLANG_WARN_ENUM_CONVERSION = YES;
				CLANG_WARN_INT_CONVERSION = YES;
				CLANG_WARN_OBJC_ROOT_CLASS = YES_ERROR;
				CLANG_WARN_UNREACHABLE_CODE = YES;
				CLANG_WARN__DUPLICATE_METHOD_MATCH = YES;
				"CODE_SIGN_IDENTITY[sdk=iphoneos*]" = "iPhone Developer";
				COPY_PHASE_STRIP = YES;
				ENABLE_NS_ASSERTIONS = NO;
				ENABLE_STRICT_OBJC_MSGSEND = YES;
				GCC_C_LANGUAGE_STANDARD = gnu99;
				GCC_WARN_64_TO_32_BIT_CONVERSION = YES;
				GCC_WARN_ABOUT_RETURN_TYPE = YES_ERROR;
				GCC_WARN_UNDECLARED_SELECTOR = YES;
				GCC_WARN_UNINITIALIZED_AUTOS = YES_AGGRESSIVE;
				GCC_WARN_UNUSED_FUNCTION = YES;
				GCC_WARN_UNUSED_VARIABLE = YES;
				IPHONEOS_DEPLOYMENT_TARGET = 8.1;
				MTL_ENABLE_DEBUG_INFO = NO;
				SDKROOT = iphoneos;
				TARGETED_DEVICE_FAMILY = "1,2";
				VALIDATE_PRODUCT = YES;
			};
			name = Release;
		};
		55DB2E5C1A0C358700DF03B3 /* Debug */ = {
			isa = XCBuildConfiguration;
			buildSettings = {
				ASSETCATALOG_COMPILER_APPICON_NAME = AppIcon;
				INFOPLIST_FILE = Next/Info.plist;
				LD_RUNPATH_SEARCH_PATHS = "$(inherited) @executable_path/Frameworks";
				PRODUCT_NAME = "$(TARGET_NAME)";
			};
			name = Debug;
		};
		55DB2E5D1A0C358700DF03B3 /* Release */ = {
			isa = XCBuildConfiguration;
			buildSettings = {
				ASSETCATALOG_COMPILER_APPICON_NAME = AppIcon;
				INFOPLIST_FILE = Next/Info.plist;
				LD_RUNPATH_SEARCH_PATHS = "$(inherited) @executable_path/Frameworks";
				PRODUCT_NAME = "$(TARGET_NAME)";
			};
			name = Release;
		};
		55DB2E5F1A0C358700DF03B3 /* Debug */ = {
			isa = XCBuildConfiguration;
			buildSettings = {
				BUNDLE_LOADER = "$(TEST_HOST)";
				FRAMEWORK_SEARCH_PATHS = (
					"$(SDKROOT)/Developer/Library/Frameworks",
					"$(inherited)",
				);
				GCC_PREPROCESSOR_DEFINITIONS = (
					"DEBUG=1",
					"$(inherited)",
				);
				INFOPLIST_FILE = NextTests/Info.plist;
				LD_RUNPATH_SEARCH_PATHS = "$(inherited) @executable_path/Frameworks @loader_path/Frameworks";
				PRODUCT_NAME = "$(TARGET_NAME)";
				TEST_HOST = "$(BUILT_PRODUCTS_DIR)/Next.app/Next";
			};
			name = Debug;
		};
		55DB2E601A0C358700DF03B3 /* Release */ = {
			isa = XCBuildConfiguration;
			buildSettings = {
				BUNDLE_LOADER = "$(TEST_HOST)";
				FRAMEWORK_SEARCH_PATHS = (
					"$(SDKROOT)/Developer/Library/Frameworks",
					"$(inherited)",
				);
				INFOPLIST_FILE = NextTests/Info.plist;
				LD_RUNPATH_SEARCH_PATHS = "$(inherited) @executable_path/Frameworks @loader_path/Frameworks";
				PRODUCT_NAME = "$(TARGET_NAME)";
				TEST_HOST = "$(BUILT_PRODUCTS_DIR)/Next.app/Next";
			};
			name = Release;
		};
/* End XCBuildConfiguration section */

/* Begin XCConfigurationList section */
		55DB2E371A0C358700DF03B3 /* Build configuration list for PBXProject "Next" */ = {
			isa = XCConfigurationList;
			buildConfigurations = (
				55DB2E591A0C358700DF03B3 /* Debug */,
				55DB2E5A1A0C358700DF03B3 /* Release */,
			);
			defaultConfigurationIsVisible = 0;
			defaultConfigurationName = Release;
		};
		55DB2E5B1A0C358700DF03B3 /* Build configuration list for PBXNativeTarget "Next" */ = {
			isa = XCConfigurationList;
			buildConfigurations = (
				55DB2E5C1A0C358700DF03B3 /* Debug */,
				55DB2E5D1A0C358700DF03B3 /* Release */,
			);
			defaultConfigurationIsVisible = 0;
		};
		55DB2E5E1A0C358700DF03B3 /* Build configuration list for PBXNativeTarget "NextTests" */ = {
			isa = XCConfigurationList;
			buildConfigurations = (
				55DB2E5F1A0C358700DF03B3 /* Debug */,
				55DB2E601A0C358700DF03B3 /* Release */,
			);
			defaultConfigurationIsVisible = 0;
		};
/* End XCConfigurationList section */
	};
	rootObject = 55DB2E341A0C358700DF03B3 /* Project object */;
}
